{
  "name": "ng-rt-abci-server",
  "requires": true,
  "lockfileVersion": 1,
  "dependencies": {
    "argparse": {
      "version": "1.0.10",
      "resolved": "https://registry.npmjs.org/argparse/-/argparse-1.0.10.tgz",
      "integrity": "sha512-o5Roy6tNG4SL/FOkCAN6RzjiakZS25RLYFrcMttJqbdd8BWrnA+fGz57iN5Pb06pvBGvl5gQ0B48dJlslXvoTg==",
      "requires": {
        "sprintf-js": "~1.0.2"
      }
    },
    "atocha": {
      "version": "1.2.0",
      "resolved": "https://registry.npmjs.org/atocha/-/atocha-1.2.0.tgz",
      "integrity": "sha512-qbJXghGIl1Xt0d8i3iM6qr9RQ01YsI3OpZ+TUrp9IC43FxaUdzRdsSh3lRuiKfVPbLXJZ+ETaMlZaV6wNmB+DQ==",
      "requires": {
        "swear": "^1.0.0"
      }
    },
    "builtins": {
      "version": "1.0.3",
      "resolved": "https://registry.npmjs.org/builtins/-/builtins-1.0.3.tgz",
      "integrity": "sha1-y5T662HIaWRR2zZTThQi+U8K7og="
    },
    "esprima": {
      "version": "4.0.1",
      "resolved": "https://registry.npmjs.org/esprima/-/esprima-4.0.1.tgz",
      "integrity": "sha512-eGuFFw7Upda+g4p+QHvnW0RyTX/SVeJBDM/gCtMARO0cLuT2HcEKnTPvhjV6aGeqrCB/sbNop0Kszm0jsaWU4A=="
    },
    "fs-array": {
      "version": "2.5.1",
      "resolved": "https://registry.npmjs.org/fs-array/-/fs-array-2.5.1.tgz",
      "integrity": "sha512-32QFKSaJ43MmWQ4Ws3h4T9vlMFhYveTyJkf5UT8f8UMHnV0yic4YSx04rgztSt/I8if/z5gVRlcX0+uF6LQb1w==",
      "requires": {
        "atocha": "^1.0.1",
        "magic-promises": "^1.2.0"
      }
    },
    "js-yaml": {
      "version": "3.13.1",
      "resolved": "https://registry.npmjs.org/js-yaml/-/js-yaml-3.13.1.tgz",
      "integrity": "sha512-YfbcO7jXDdyj0DGxYVSlSeQNHbD7XPWvrVWeVUujrQEoZzWJIRrCPoyk6kL6IAjAG2IolMK4T0hNUe0HOUs5Jw==",
      "requires": {
        "argparse": "^1.0.7",
        "esprima": "^4.0.0"
      }
    },
    "legally": {
      "version": "git+ssh://git@gitlab.project.com:os/legally.git#39aa47352b3e9cf145a9cfea3a1bd03e2ef71e6e",
      "from": "git+ssh://git@gitlab.project.com:os/legally.git",
      "requires": {
        "fs-array": "^2.2.1",
        "js-yaml": "^3.13.1",
        "minimist": "^1.2.0",
        "validate-npm-package-name": "^3.0.0"
      }
    },
    "magic-promises": {
      "version": "1.2.3",
      "resolved": "https://registry.npmjs.org/magic-promises/-/magic-promises-1.2.3.tgz",
      "integrity": "sha512-hkeL5QUPCnVDgGj3dIh/pSYA32obxfqzvY7bl15Tt7u7rqdAfUcMnQ5dB7R7+rs7JxPA4GGTnfd6BIZsY3COgw=="
    },
    "minimist": {
      "version": "1.2.0",
      "resolved": "https://registry.npmjs.org/minimist/-/minimist-1.2.0.tgz",
      "integrity": "sha1-o1AIsg9BOD7sH7kU9M1d95omQoQ="
    },
    "sprintf-js": {
      "version": "1.0.3",
      "resolved": "https://registry.npmjs.org/sprintf-js/-/sprintf-js-1.0.3.tgz",
      "integrity": "sha1-BOaSb2YolTVPPdAVIDYzuFcpfiw="
    },
    "swear": {
      "version": "1.0.0",
      "resolved": "https://registry.npmjs.org/swear/-/swear-1.0.0.tgz",
      "integrity": "sha512-h977k04UAQtJqswXfoMuXkCrTEk+lLcEaYe7y2qMjmjURK9HMDeQqy/a6sBSCXyNDWNbsSkOCFR0q9IyoGqAPA=="
    },
    "validate-npm-package-name": {
      "version": "3.0.0",
      "resolved": "https://registry.npmjs.org/validate-npm-package-name/-/validate-npm-package-name-3.0.0.tgz",
      "integrity": "sha1-X6kS2B630MdK/BQN5zF/DKffQ34=",
      "requires": {
        "builtins": "^1.0.3"
      }
    }
  }
}
